
Microsoft Visual Studio Solution File, Format Version 12.00
# Visual Studio 15
Project("{FAE04EC0-301F-11D3-BF4B-00C04F79EFBC}") = "Assembly-CSharp", "Assembly-CSharp.csproj", "{69007DE2-FF78-14C0-5D39-DF05A682DEAE}"
EndProject
Global
	GlobalSection(SolutionConfigurationPlatforms) = preSolution
		Debug|Any CPU = Debug|Any CPU
		Release|Any CPU = Release|Any CPU
	EndGlobalSection
	GlobalSection(ProjectConfigurationPlatforms) = postSolution
		{69007DE2-FF78-14C0-5D39-DF05A682DEAE}.Debug|Any CPU.ActiveCfg = Debug|Any CPU
		{69007DE2-FF78-14C0-5D39-DF05A682DEAE}.Debug|Any CPU.Build.0 = Debug|Any CPU
		{69007DE2-FF78-14C0-5D39-DF05A682DEAE}.Release|Any CPU.ActiveCfg = Release|Any CPU
		{69007DE2-FF78-14C0-5D39-DF05A682DEAE}.Release|Any CPU.Build.0 = Release|Any CPU
	EndGlobalSection
	GlobalSection(SolutionProperties) = preSolution
		HideSolutionNode = FALSE
	EndGlobalSection
EndGlobal
